// !$*UTF8*$!
{
	archiveVersion = 1;
	classes = {
	};
	objectVersion = 55;
	objects = {

/* Begin PBXBuildFile section */
		1B23D26928B434DC95532485 /* Pods_NewsAppTests.framework in Frameworks */ = {isa = PBXBuildFile; fileRef = 26B4A1E2721C19F55E50D093 /* Pods_NewsAppTests.framework */; };
		531F4412D9F82561D52DA274 /* Pods_NewsApp.framework in Frameworks */ = {isa = PBXBuildFile; fileRef = CC13E053502174F9995FD6EF /* Pods_NewsApp.framework */; };
		6F37EE40284F31B9005AD950 /* UIViewExtensions.swift in Sources */ = {isa = PBXBuildFile; fileRef = 6F37EE3F284F31B9005AD950 /* UIViewExtensions.swift */; };
		6F37EE42284F3309005AD950 /* Colors.swift in Sources */ = {isa = PBXBuildFile; fileRef = 6F37EE41284F3309005AD950 /* Colors.swift */; };
		6F993004284CD54B0036BF15 /* AppDelegate.swift in Sources */ = {isa = PBXBuildFile; fileRef = 6F993003284CD54B0036BF15 /* AppDelegate.swift */; };
		6F993006284CD54B0036BF15 /* SceneDelegate.swift in Sources */ = {isa = PBXBuildFile; fileRef = 6F993005284CD54B0036BF15 /* SceneDelegate.swift */; };
		6F993008284CD54B0036BF15 /* NewsVC.swift in Sources */ = {isa = PBXBuildFile; fileRef = 6F993007284CD54B0036BF15 /* NewsVC.swift */; };
		6F99300B284CD54B0036BF15 /* Main.storyboard in Resources */ = {isa = PBXBuildFile; fileRef = 6F993009284CD54B0036BF15 /* Main.storyboard */; };
		6F99300E284CD54B0036BF15 /* NewsApp.xcdatamodeld in Sources */ = {isa = PBXBuildFile; fileRef = 6F99300C284CD54B0036BF15 /* NewsApp.xcdatamodeld */; };
		6F993010284CD54C0036BF15 /* Assets.xcassets in Resources */ = {isa = PBXBuildFile; fileRef = 6F99300F284CD54C0036BF15 /* Assets.xcassets */; };
		6F993013284CD54C0036BF15 /* LaunchScreen.storyboard in Resources */ = {isa = PBXBuildFile; fileRef = 6F993011284CD54C0036BF15 /* LaunchScreen.storyboard */; };
		6F99301E284CD54C0036BF15 /* NewsAppTests.swift in Sources */ = {isa = PBXBuildFile; fileRef = 6F99301D284CD54C0036BF15 /* NewsAppTests.swift */; };
		6F993028284CD54C0036BF15 /* NewsAppUITests.swift in Sources */ = {isa = PBXBuildFile; fileRef = 6F993027284CD54C0036BF15 /* NewsAppUITests.swift */; };
		6F99302A284CD54C0036BF15 /* NewsAppUITestsLaunchTests.swift in Sources */ = {isa = PBXBuildFile; fileRef = 6F993029284CD54C0036BF15 /* NewsAppUITestsLaunchTests.swift */; };
		6F99303E284CD75B0036BF15 /* BaseAPI.swift in Sources */ = {isa = PBXBuildFile; fileRef = 6F99303D284CD75B0036BF15 /* BaseAPI.swift */; };
		6F993040284CD8220036BF15 /* SafeUnwrap.swift in Sources */ = {isa = PBXBuildFile; fileRef = 6F99303F284CD8220036BF15 /* SafeUnwrap.swift */; };
		6F993042284CD9B40036BF15 /* NewsModel.swift in Sources */ = {isa = PBXBuildFile; fileRef = 6F993041284CD9B40036BF15 /* NewsModel.swift */; };
		6F993044284CDAEA0036BF15 /* URLPathEnum.swift in Sources */ = {isa = PBXBuildFile; fileRef = 6F993043284CDAEA0036BF15 /* URLPathEnum.swift */; };
		6F993046284CDB010036BF15 /* ErrorEnum.swift in Sources */ = {isa = PBXBuildFile; fileRef = 6F993045284CDB010036BF15 /* ErrorEnum.swift */; };
		6F993048284CE1370036BF15 /* NewsViewModel.swift in Sources */ = {isa = PBXBuildFile; fileRef = 6F993047284CE1370036BF15 /* NewsViewModel.swift */; };
		6F99304E284CE67F0036BF15 /* NewsCell.swift in Sources */ = {isa = PBXBuildFile; fileRef = 6F99304C284CE67F0036BF15 /* NewsCell.swift */; };
		6F99304F284CE67F0036BF15 /* NewsCell.xib in Resources */ = {isa = PBXBuildFile; fileRef = 6F99304D284CE67F0036BF15 /* NewsCell.xib */; };
		6F993051284CF9FF0036BF15 /* UITextFieldExtensions.swift in Sources */ = {isa = PBXBuildFile; fileRef = 6F993050284CF9FF0036BF15 /* UITextFieldExtensions.swift */; };
		6F993053284CFD160036BF15 /* newsLoading.json in Resources */ = {isa = PBXBuildFile; fileRef = 6F993052284CFD160036BF15 /* newsLoading.json */; };
		6F993055284CFFDF0036BF15 /* LoadingView.swift in Sources */ = {isa = PBXBuildFile; fileRef = 6F993054284CFFDF0036BF15 /* LoadingView.swift */; };
		6F993059284D077E0036BF15 /* NewsDetailVC.swift in Sources */ = {isa = PBXBuildFile; fileRef = 6F993057284D077E0036BF15 /* NewsDetailVC.swift */; };
		6F99305A284D077E0036BF15 /* NewsDetail.xib in Resources */ = {isa = PBXBuildFile; fileRef = 6F993058284D077E0036BF15 /* NewsDetail.xib */; };
		6F99305C284D33950036BF15 /* NewsDetailViewModel.swift in Sources */ = {isa = PBXBuildFile; fileRef = 6F99305B284D33950036BF15 /* NewsDetailViewModel.swift */; };
		6F99305E284D364C0036BF15 /* DateExtension.swift in Sources */ = {isa = PBXBuildFile; fileRef = 6F99305D284D364C0036BF15 /* DateExtension.swift */; };
		6F993062284D39360036BF15 /* NewsSourceVC.swift in Sources */ = {isa = PBXBuildFile; fileRef = 6F993060284D39360036BF15 /* NewsSourceVC.swift */; };
		6F993063284D39360036BF15 /* NewsSourceVC.xib in Resources */ = {isa = PBXBuildFile; fileRef = 6F993061284D39360036BF15 /* NewsSourceVC.xib */; };
		6F993065284D40E40036BF15 /* CoreData.swift in Sources */ = {isa = PBXBuildFile; fileRef = 6F993064284D40E40036BF15 /* CoreData.swift */; };
		6F99306D284D4B210036BF15 /* FavoritesVC.swift in Sources */ = {isa = PBXBuildFile; fileRef = 6F99306C284D4B210036BF15 /* FavoritesVC.swift */; };
		6F99306F284D4B6C0036BF15 /* FavoritesViewModel.swift in Sources */ = {isa = PBXBuildFile; fileRef = 6F99306E284D4B6C0036BF15 /* FavoritesViewModel.swift */; };
		B3FDED4899E066CD93079EFD /* Pods_NewsApp_NewsAppUITests.framework in Frameworks */ = {isa = PBXBuildFile; fileRef = B5E9E8CFCB601793F16B60E8 /* Pods_NewsApp_NewsAppUITests.framework */; };
/* End PBXBuildFile section */

/* Begin PBXContainerItemProxy section */
		6F99301A284CD54C0036BF15 /* PBXContainerItemProxy */ = {
			isa = PBXContainerItemProxy;
			containerPortal = 6F992FF8284CD54B0036BF15 /* Project object */;
			proxyType = 1;
			remoteGlobalIDString = 6F992FFF284CD54B0036BF15;
			remoteInfo = NewsApp;
		};
		6F993024284CD54C0036BF15 /* PBXContainerItemProxy */ = {
			isa = PBXContainerItemProxy;
			containerPortal = 6F992FF8284CD54B0036BF15 /* Project object */;
			proxyType = 1;
			remoteGlobalIDString = 6F992FFF284CD54B0036BF15;
			remoteInfo = NewsApp;
		};
/* End PBXContainerItemProxy section */

/* Begin PBXFileReference section */
		059B0F137AE06207545F2F11 /* Pods-NewsApp.debug.xcconfig */ = {isa = PBXFileReference; includeInIndex = 1; lastKnownFileType = text.xcconfig; name = "Pods-NewsApp.debug.xcconfig"; path = "Target Support Files/Pods-NewsApp/Pods-NewsApp.debug.xcconfig"; sourceTree = "<group>"; };
		26B4A1E2721C19F55E50D093 /* Pods_NewsAppTests.framework */ = {isa = PBXFileReference; explicitFileType = wrapper.framework; includeInIndex = 0; path = Pods_NewsAppTests.framework; sourceTree = BUILT_PRODUCTS_DIR; };
		39E66894275F4052E87CC2CF /* Pods-NewsApp.release.xcconfig */ = {isa = PBXFileReference; includeInIndex = 1; lastKnownFileType = text.xcconfig; name = "Pods-NewsApp.release.xcconfig"; path = "Target Support Files/Pods-NewsApp/Pods-NewsApp.release.xcconfig"; sourceTree = "<group>"; };
		62F7FC895EBF9A69813D3B20 /* Pods-NewsAppTests.debug.xcconfig */ = {isa = PBXFileReference; includeInIndex = 1; lastKnownFileType = text.xcconfig; name = "Pods-NewsAppTests.debug.xcconfig"; path = "Target Support Files/Pods-NewsAppTests/Pods-NewsAppTests.debug.xcconfig"; sourceTree = "<group>"; };
		6F37EE3F284F31B9005AD950 /* UIViewExtensions.swift */ = {isa = PBXFileReference; lastKnownFileType = sourcecode.swift; path = UIViewExtensions.swift; sourceTree = "<group>"; };
		6F37EE41284F3309005AD950 /* Colors.swift */ = {isa = PBXFileReference; lastKnownFileType = sourcecode.swift; path = Colors.swift; sourceTree = "<group>"; };
		6F993000284CD54B0036BF15 /* NewsApp.app */ = {isa = PBXFileReference; explicitFileType = wrapper.application; includeInIndex = 0; path = NewsApp.app; sourceTree = BUILT_PRODUCTS_DIR; };
		6F993003284CD54B0036BF15 /* AppDelegate.swift */ = {isa = PBXFileReference; lastKnownFileType = sourcecode.swift; path = AppDelegate.swift; sourceTree = "<group>"; };
		6F993005284CD54B0036BF15 /* SceneDelegate.swift */ = {isa = PBXFileReference; lastKnownFileType = sourcecode.swift; path = SceneDelegate.swift; sourceTree = "<group>"; };
		6F993007284CD54B0036BF15 /* NewsVC.swift */ = {isa = PBXFileReference; lastKnownFileType = sourcecode.swift; path = NewsVC.swift; sourceTree = "<group>"; };
		6F99300A284CD54B0036BF15 /* Base */ = {isa = PBXFileReference; lastKnownFileType = file.storyboard; name = Base; path = Base.lproj/Main.storyboard; sourceTree = "<group>"; };
		6F99300D284CD54B0036BF15 /* NewsApp.xcdatamodel */ = {isa = PBXFileReference; lastKnownFileType = wrapper.xcdatamodel; path = NewsApp.xcdatamodel; sourceTree = "<group>"; };
		6F99300F284CD54C0036BF15 /* Assets.xcassets */ = {isa = PBXFileReference; lastKnownFileType = folder.assetcatalog; path = Assets.xcassets; sourceTree = "<group>"; };
		6F993012284CD54C0036BF15 /* Base */ = {isa = PBXFileReference; lastKnownFileType = file.storyboard; name = Base; path = Base.lproj/LaunchScreen.storyboard; sourceTree = "<group>"; };
		6F993014284CD54C0036BF15 /* Info.plist */ = {isa = PBXFileReference; lastKnownFileType = text.plist.xml; path = Info.plist; sourceTree = "<group>"; };
		6F993019284CD54C0036BF15 /* NewsAppTests.xctest */ = {isa = PBXFileReference; explicitFileType = wrapper.cfbundle; includeInIndex = 0; path = NewsAppTests.xctest; sourceTree = BUILT_PRODUCTS_DIR; };
		6F99301D284CD54C0036BF15 /* NewsAppTests.swift */ = {isa = PBXFileReference; lastKnownFileType = sourcecode.swift; path = NewsAppTests.swift; sourceTree = "<group>"; };
		6F993023284CD54C0036BF15 /* NewsAppUITests.xctest */ = {isa = PBXFileReference; explicitFileType = wrapper.cfbundle; includeInIndex = 0; path = NewsAppUITests.xctest; sourceTree = BUILT_PRODUCTS_DIR; };
		6F993027284CD54C0036BF15 /* NewsAppUITests.swift */ = {isa = PBXFileReference; lastKnownFileType = sourcecode.swift; path = NewsAppUITests.swift; sourceTree = "<group>"; };
		6F993029284CD54C0036BF15 /* NewsAppUITestsLaunchTests.swift */ = {isa = PBXFileReference; lastKnownFileType = sourcecode.swift; path = NewsAppUITestsLaunchTests.swift; sourceTree = "<group>"; };
		6F99303D284CD75B0036BF15 /* BaseAPI.swift */ = {isa = PBXFileReference; lastKnownFileType = sourcecode.swift; path = BaseAPI.swift; sourceTree = "<group>"; };
		6F99303F284CD8220036BF15 /* SafeUnwrap.swift */ = {isa = PBXFileReference; lastKnownFileType = sourcecode.swift; path = SafeUnwrap.swift; sourceTree = "<group>"; };
		6F993041284CD9B40036BF15 /* NewsModel.swift */ = {isa = PBXFileReference; lastKnownFileType = sourcecode.swift; path = NewsModel.swift; sourceTree = "<group>"; };
		6F993043284CDAEA0036BF15 /* URLPathEnum.swift */ = {isa = PBXFileReference; lastKnownFileType = sourcecode.swift; path = URLPathEnum.swift; sourceTree = "<group>"; };
		6F993045284CDB010036BF15 /* ErrorEnum.swift */ = {isa = PBXFileReference; lastKnownFileType = sourcecode.swift; path = ErrorEnum.swift; sourceTree = "<group>"; };
		6F993047284CE1370036BF15 /* NewsViewModel.swift */ = {isa = PBXFileReference; lastKnownFileType = sourcecode.swift; path = NewsViewModel.swift; sourceTree = "<group>"; };
		6F99304C284CE67F0036BF15 /* NewsCell.swift */ = {isa = PBXFileReference; lastKnownFileType = sourcecode.swift; path = NewsCell.swift; sourceTree = "<group>"; };
		6F99304D284CE67F0036BF15 /* NewsCell.xib */ = {isa = PBXFileReference; lastKnownFileType = file.xib; path = NewsCell.xib; sourceTree = "<group>"; };
		6F993050284CF9FF0036BF15 /* UITextFieldExtensions.swift */ = {isa = PBXFileReference; lastKnownFileType = sourcecode.swift; path = UITextFieldExtensions.swift; sourceTree = "<group>"; };
		6F993052284CFD160036BF15 /* newsLoading.json */ = {isa = PBXFileReference; fileEncoding = 4; lastKnownFileType = text.json; path = newsLoading.json; sourceTree = "<group>"; };
		6F993054284CFFDF0036BF15 /* LoadingView.swift */ = {isa = PBXFileReference; lastKnownFileType = sourcecode.swift; path = LoadingView.swift; sourceTree = "<group>"; };
		6F993057284D077E0036BF15 /* NewsDetailVC.swift */ = {isa = PBXFileReference; lastKnownFileType = sourcecode.swift; path = NewsDetailVC.swift; sourceTree = "<group>"; };
		6F993058284D077E0036BF15 /* NewsDetail.xib */ = {isa = PBXFileReference; lastKnownFileType = file.xib; path = NewsDetail.xib; sourceTree = "<group>"; };
		6F99305B284D33950036BF15 /* NewsDetailViewModel.swift */ = {isa = PBXFileReference; lastKnownFileType = sourcecode.swift; path = NewsDetailViewModel.swift; sourceTree = "<group>"; };
		6F99305D284D364C0036BF15 /* DateExtension.swift */ = {isa = PBXFileReference; lastKnownFileType = sourcecode.swift; path = DateExtension.swift; sourceTree = "<group>"; };
		6F993060284D39360036BF15 /* NewsSourceVC.swift */ = {isa = PBXFileReference; lastKnownFileType = sourcecode.swift; path = NewsSourceVC.swift; sourceTree = "<group>"; };
		6F993061284D39360036BF15 /* NewsSourceVC.xib */ = {isa = PBXFileReference; lastKnownFileType = file.xib; path = NewsSourceVC.xib; sourceTree = "<group>"; };
		6F993064284D40E40036BF15 /* CoreData.swift */ = {isa = PBXFileReference; lastKnownFileType = sourcecode.swift; path = CoreData.swift; sourceTree = "<group>"; };
		6F99306C284D4B210036BF15 /* FavoritesVC.swift */ = {isa = PBXFileReference; lastKnownFileType = sourcecode.swift; path = FavoritesVC.swift; sourceTree = "<group>"; };
		6F99306E284D4B6C0036BF15 /* FavoritesViewModel.swift */ = {isa = PBXFileReference; lastKnownFileType = sourcecode.swift; path = FavoritesViewModel.swift; sourceTree = "<group>"; };
		93A678AFAB1E14BABC1AD185 /* Pods-NewsApp-NewsAppUITests.debug.xcconfig */ = {isa = PBXFileReference; includeInIndex = 1; lastKnownFileType = text.xcconfig; name = "Pods-NewsApp-NewsAppUITests.debug.xcconfig"; path = "Target Support Files/Pods-NewsApp-NewsAppUITests/Pods-NewsApp-NewsAppUITests.debug.xcconfig"; sourceTree = "<group>"; };
		A5BF28E1F83070708DCAF5BD /* Pods-NewsApp-NewsAppUITests.release.xcconfig */ = {isa = PBXFileReference; includeInIndex = 1; lastKnownFileType = text.xcconfig; name = "Pods-NewsApp-NewsAppUITests.release.xcconfig"; path = "Target Support Files/Pods-NewsApp-NewsAppUITests/Pods-NewsApp-NewsAppUITests.release.xcconfig"; sourceTree = "<group>"; };
		B5E9E8CFCB601793F16B60E8 /* Pods_NewsApp_NewsAppUITests.framework */ = {isa = PBXFileReference; explicitFileType = wrapper.framework; includeInIndex = 0; path = Pods_NewsApp_NewsAppUITests.framework; sourceTree = BUILT_PRODUCTS_DIR; };
		CC13E053502174F9995FD6EF /* Pods_NewsApp.framework */ = {isa = PBXFileReference; explicitFileType = wrapper.framework; includeInIndex = 0; path = Pods_NewsApp.framework; sourceTree = BUILT_PRODUCTS_DIR; };
		CDDFFBEBD8F72B0661D01442 /* Pods-NewsAppTests.release.xcconfig */ = {isa = PBXFileReference; includeInIndex = 1; lastKnownFileType = text.xcconfig; name = "Pods-NewsAppTests.release.xcconfig"; path = "Target Support Files/Pods-NewsAppTests/Pods-NewsAppTests.release.xcconfig"; sourceTree = "<group>"; };
/* End PBXFileReference section */

/* Begin PBXFrameworksBuildPhase section */
		6F992FFD284CD54B0036BF15 /* Frameworks */ = {
			isa = PBXFrameworksBuildPhase;
			buildActionMask = 2147483647;
			files = (
				531F4412D9F82561D52DA274 /* Pods_NewsApp.framework in Frameworks */,
			);
			runOnlyForDeploymentPostprocessing = 0;
		};
		6F993016284CD54C0036BF15 /* Frameworks */ = {
			isa = PBXFrameworksBuildPhase;
			buildActionMask = 2147483647;
			files = (
				1B23D26928B434DC95532485 /* Pods_NewsAppTests.framework in Frameworks */,
			);
			runOnlyForDeploymentPostprocessing = 0;
		};
		6F993020284CD54C0036BF15 /* Frameworks */ = {
			isa = PBXFrameworksBuildPhase;
			buildActionMask = 2147483647;
			files = (
				B3FDED4899E066CD93079EFD /* Pods_NewsApp_NewsAppUITests.framework in Frameworks */,
			);
			runOnlyForDeploymentPostprocessing = 0;
		};
/* End PBXFrameworksBuildPhase section */

/* Begin PBXGroup section */
		049CADA28A50F082C3168A0E /* Pods */ = {
			isa = PBXGroup;
			children = (
				059B0F137AE06207545F2F11 /* Pods-NewsApp.debug.xcconfig */,
				39E66894275F4052E87CC2CF /* Pods-NewsApp.release.xcconfig */,
				93A678AFAB1E14BABC1AD185 /* Pods-NewsApp-NewsAppUITests.debug.xcconfig */,
				A5BF28E1F83070708DCAF5BD /* Pods-NewsApp-NewsAppUITests.release.xcconfig */,
				62F7FC895EBF9A69813D3B20 /* Pods-NewsAppTests.debug.xcconfig */,
				CDDFFBEBD8F72B0661D01442 /* Pods-NewsAppTests.release.xcconfig */,
			);
			path = Pods;
			sourceTree = "<group>";
		};
		6F992FF7284CD54B0036BF15 = {
			isa = PBXGroup;
			children = (
				6F993002284CD54B0036BF15 /* NewsApp */,
				6F99301C284CD54C0036BF15 /* NewsAppTests */,
				6F993026284CD54C0036BF15 /* NewsAppUITests */,
				6F993001284CD54B0036BF15 /* Products */,
				049CADA28A50F082C3168A0E /* Pods */,
				9DDE6B5C41AAD0CBFC489DF8 /* Frameworks */,
			);
			sourceTree = "<group>";
		};
		6F993001284CD54B0036BF15 /* Products */ = {
			isa = PBXGroup;
			children = (
				6F993000284CD54B0036BF15 /* NewsApp.app */,
				6F993019284CD54C0036BF15 /* NewsAppTests.xctest */,
				6F993023284CD54C0036BF15 /* NewsAppUITests.xctest */,
			);
			name = Products;
			sourceTree = "<group>";
		};
		6F993002284CD54B0036BF15 /* NewsApp */ = {
			isa = PBXGroup;
			children = (
				6F993014284CD54C0036BF15 /* Info.plist */,
				6F99303A284CD71F0036BF15 /* Application */,
				6F993038284CD6F40036BF15 /* Models */,
				6F993039284CD7040036BF15 /* Utils */,
				6F993037284CD6E60036BF15 /* Network */,
				6F993036284CD6C30036BF15 /* System Files */,
			);
			path = NewsApp;
			sourceTree = "<group>";
		};
		6F99301C284CD54C0036BF15 /* NewsAppTests */ = {
			isa = PBXGroup;
			children = (
				6F99301D284CD54C0036BF15 /* NewsAppTests.swift */,
			);
			path = NewsAppTests;
			sourceTree = "<group>";
		};
		6F993026284CD54C0036BF15 /* NewsAppUITests */ = {
			isa = PBXGroup;
			children = (
				6F993027284CD54C0036BF15 /* NewsAppUITests.swift */,
				6F993029284CD54C0036BF15 /* NewsAppUITestsLaunchTests.swift */,
			);
			path = NewsAppUITests;
			sourceTree = "<group>";
		};
		6F993036284CD6C30036BF15 /* System Files */ = {
			isa = PBXGroup;
			children = (
				6F993003284CD54B0036BF15 /* AppDelegate.swift */,
				6F993005284CD54B0036BF15 /* SceneDelegate.swift */,
				6F99300F284CD54C0036BF15 /* Assets.xcassets */,
				6F993011284CD54C0036BF15 /* LaunchScreen.storyboard */,
				6F99300C284CD54B0036BF15 /* NewsApp.xcdatamodeld */,
				6F993052284CFD160036BF15 /* newsLoading.json */,
			);
			path = "System Files";
			sourceTree = "<group>";
		};
		6F993037284CD6E60036BF15 /* Network */ = {
			isa = PBXGroup;
			children = (
				6F99303D284CD75B0036BF15 /* BaseAPI.swift */,
				6F993043284CDAEA0036BF15 /* URLPathEnum.swift */,
				6F993045284CDB010036BF15 /* ErrorEnum.swift */,
			);
			path = Network;
			sourceTree = "<group>";
		};
		6F993038284CD6F40036BF15 /* Models */ = {
			isa = PBXGroup;
			children = (
				6F993041284CD9B40036BF15 /* NewsModel.swift */,
			);
			path = Models;
			sourceTree = "<group>";
		};
		6F993039284CD7040036BF15 /* Utils */ = {
			isa = PBXGroup;
			children = (
				6F99303F284CD8220036BF15 /* SafeUnwrap.swift */,
				6F37EE3F284F31B9005AD950 /* UIViewExtensions.swift */,
				6F993050284CF9FF0036BF15 /* UITextFieldExtensions.swift */,
				6F37EE41284F3309005AD950 /* Colors.swift */,
				6F993054284CFFDF0036BF15 /* LoadingView.swift */,
				6F99305D284D364C0036BF15 /* DateExtension.swift */,
				6F993064284D40E40036BF15 /* CoreData.swift */,
			);
			path = Utils;
			sourceTree = "<group>";
		};
		6F99303A284CD71F0036BF15 /* Application */ = {
			isa = PBXGroup;
			children = (
				6F993009284CD54B0036BF15 /* Main.storyboard */,
				6F99303B284CD7280036BF15 /* News */,
				6F99303C284CD72F0036BF15 /* Favorites */,
				6F993056284D07380036BF15 /* NewsDetail */,
				6F99305F284D38CD0036BF15 /* NewsSource */,
				6F99304A284CE6290036BF15 /* Views */,
			);
			path = Application;
			sourceTree = "<group>";
		};
		6F99303B284CD7280036BF15 /* News */ = {
			isa = PBXGroup;
			children = (
				6F993007284CD54B0036BF15 /* NewsVC.swift */,
				6F993047284CE1370036BF15 /* NewsViewModel.swift */,
			);
			path = News;
			sourceTree = "<group>";
		};
		6F99303C284CD72F0036BF15 /* Favorites */ = {
			isa = PBXGroup;
			children = (
				6F99306C284D4B210036BF15 /* FavoritesVC.swift */,
				6F99306E284D4B6C0036BF15 /* FavoritesViewModel.swift */,
			);
			path = Favorites;
			sourceTree = "<group>";
		};
		6F99304A284CE6290036BF15 /* Views */ = {
			isa = PBXGroup;
			children = (
				6F99304B284CE64B0036BF15 /* NewsTableViewCell */,
			);
			path = Views;
			sourceTree = "<group>";
		};
		6F99304B284CE64B0036BF15 /* NewsTableViewCell */ = {
			isa = PBXGroup;
			children = (
				6F99304C284CE67F0036BF15 /* NewsCell.swift */,
				6F99304D284CE67F0036BF15 /* NewsCell.xib */,
			);
			path = NewsTableViewCell;
			sourceTree = "<group>";
		};
		6F993056284D07380036BF15 /* NewsDetail */ = {
			isa = PBXGroup;
			children = (
				6F993057284D077E0036BF15 /* NewsDetailVC.swift */,
				6F993058284D077E0036BF15 /* NewsDetail.xib */,
				6F99305B284D33950036BF15 /* NewsDetailViewModel.swift */,
			);
			path = NewsDetail;
			sourceTree = "<group>";
		};
		6F99305F284D38CD0036BF15 /* NewsSource */ = {
			isa = PBXGroup;
			children = (
				6F993060284D39360036BF15 /* NewsSourceVC.swift */,
				6F993061284D39360036BF15 /* NewsSourceVC.xib */,
			);
			path = NewsSource;
			sourceTree = "<group>";
		};
		9DDE6B5C41AAD0CBFC489DF8 /* Frameworks */ = {
			isa = PBXGroup;
			children = (
				CC13E053502174F9995FD6EF /* Pods_NewsApp.framework */,
				B5E9E8CFCB601793F16B60E8 /* Pods_NewsApp_NewsAppUITests.framework */,
				26B4A1E2721C19F55E50D093 /* Pods_NewsAppTests.framework */,
			);
			name = Frameworks;
			sourceTree = "<group>";
		};
/* End PBXGroup section */

/* Begin PBXNativeTarget section */
		6F992FFF284CD54B0036BF15 /* NewsApp */ = {
			isa = PBXNativeTarget;
			buildConfigurationList = 6F99302D284CD54C0036BF15 /* Build configuration list for PBXNativeTarget "NewsApp" */;
			buildPhases = (
				EEA52B425E673847EADD8AE7 /* [CP] Check Pods Manifest.lock */,
				6F992FFC284CD54B0036BF15 /* Sources */,
				6F992FFD284CD54B0036BF15 /* Frameworks */,
				6F992FFE284CD54B0036BF15 /* Resources */,
				38A768C64B475C4859362A53 /* [CP] Embed Pods Frameworks */,
			);
			buildRules = (
			);
			dependencies = (
			);
			name = NewsApp;
			productName = NewsApp;
			productReference = 6F993000284CD54B0036BF15 /* NewsApp.app */;
			productType = "com.apple.product-type.application";
		};
		6F993018284CD54C0036BF15 /* NewsAppTests */ = {
			isa = PBXNativeTarget;
			buildConfigurationList = 6F993030284CD54C0036BF15 /* Build configuration list for PBXNativeTarget "NewsAppTests" */;
			buildPhases = (
				533E635691F5F31CADDD4185 /* [CP] Check Pods Manifest.lock */,
				6F993015284CD54C0036BF15 /* Sources */,
				6F993016284CD54C0036BF15 /* Frameworks */,
				6F993017284CD54C0036BF15 /* Resources */,
			);
			buildRules = (
			);
			dependencies = (
				6F99301B284CD54C0036BF15 /* PBXTargetDependency */,
			);
			name = NewsAppTests;
			productName = NewsAppTests;
			productReference = 6F993019284CD54C0036BF15 /* NewsAppTests.xctest */;
			productType = "com.apple.product-type.bundle.unit-test";
		};
		6F993022284CD54C0036BF15 /* NewsAppUITests */ = {
			isa = PBXNativeTarget;
			buildConfigurationList = 6F993033284CD54C0036BF15 /* Build configuration list for PBXNativeTarget "NewsAppUITests" */;
			buildPhases = (
				14946347B70E237169489059 /* [CP] Check Pods Manifest.lock */,
				6F99301F284CD54C0036BF15 /* Sources */,
				6F993020284CD54C0036BF15 /* Frameworks */,
				6F993021284CD54C0036BF15 /* Resources */,
				70D587EF43514158E4450AC1 /* [CP] Embed Pods Frameworks */,
			);
			buildRules = (
			);
			dependencies = (
				6F993025284CD54C0036BF15 /* PBXTargetDependency */,
			);
			name = NewsAppUITests;
			productName = NewsAppUITests;
			productReference = 6F993023284CD54C0036BF15 /* NewsAppUITests.xctest */;
			productType = "com.apple.product-type.bundle.ui-testing";
		};
/* End PBXNativeTarget section */

/* Begin PBXProject section */
		6F992FF8284CD54B0036BF15 /* Project object */ = {
			isa = PBXProject;
			attributes = {
				BuildIndependentTargetsInParallel = 1;
				LastSwiftUpdateCheck = 1330;
				LastUpgradeCheck = 1330;
				TargetAttributes = {
					6F992FFF284CD54B0036BF15 = {
						CreatedOnToolsVersion = 13.3.1;
					};
					6F993018284CD54C0036BF15 = {
						CreatedOnToolsVersion = 13.3.1;
						TestTargetID = 6F992FFF284CD54B0036BF15;
					};
					6F993022284CD54C0036BF15 = {
						CreatedOnToolsVersion = 13.3.1;
						TestTargetID = 6F992FFF284CD54B0036BF15;
					};
				};
			};
			buildConfigurationList = 6F992FFB284CD54B0036BF15 /* Build configuration list for PBXProject "NewsApp" */;
			compatibilityVersion = "Xcode 13.0";
			developmentRegion = en;
			hasScannedForEncodings = 0;
			knownRegions = (
				en,
				Base,
			);
			mainGroup = 6F992FF7284CD54B0036BF15;
			productRefGroup = 6F993001284CD54B0036BF15 /* Products */;
			projectDirPath = "";
			projectRoot = "";
			targets = (
				6F992FFF284CD54B0036BF15 /* NewsApp */,
				6F993018284CD54C0036BF15 /* NewsAppTests */,
				6F993022284CD54C0036BF15 /* NewsAppUITests */,
			);
		};
/* End PBXProject section */

/* Begin PBXResourcesBuildPhase section */
		6F992FFE284CD54B0036BF15 /* Resources */ = {
			isa = PBXResourcesBuildPhase;
			buildActionMask = 2147483647;
			files = (
				6F993013284CD54C0036BF15 /* LaunchScreen.storyboard in Resources */,
				6F993010284CD54C0036BF15 /* Assets.xcassets in Resources */,
				6F99304F284CE67F0036BF15 /* NewsCell.xib in Resources */,
				6F993053284CFD160036BF15 /* newsLoading.json in Resources */,
				6F99300B284CD54B0036BF15 /* Main.storyboard in Resources */,
				6F993063284D39360036BF15 /* NewsSourceVC.xib in Resources */,
				6F99305A284D077E0036BF15 /* NewsDetail.xib in Resources */,
			);
			runOnlyForDeploymentPostprocessing = 0;
		};
		6F993017284CD54C0036BF15 /* Resources */ = {
			isa = PBXResourcesBuildPhase;
			buildActionMask = 2147483647;
			files = (
			);
			runOnlyForDeploymentPostprocessing = 0;
		};
		6F993021284CD54C0036BF15 /* Resources */ = {
			isa = PBXResourcesBuildPhase;
			buildActionMask = 2147483647;
			files = (
			);
			runOnlyForDeploymentPostprocessing = 0;
		};
/* End PBXResourcesBuildPhase section */

/* Begin PBXShellScriptBuildPhase section */
		14946347B70E237169489059 /* [CP] Check Pods Manifest.lock */ = {
			isa = PBXShellScriptBuildPhase;
			buildActionMask = 2147483647;
			files = (
			);
			inputFileListPaths = (
			);
			inputPaths = (
				"${PODS_PODFILE_DIR_PATH}/Podfile.lock",
				"${PODS_ROOT}/Manifest.lock",
			);
			name = "[CP] Check Pods Manifest.lock";
			outputFileListPaths = (
			);
			outputPaths = (
				"$(DERIVED_FILE_DIR)/Pods-NewsApp-NewsAppUITests-checkManifestLockResult.txt",
			);
			runOnlyForDeploymentPostprocessing = 0;
			shellPath = /bin/sh;
			shellScript = "diff \"${PODS_PODFILE_DIR_PATH}/Podfile.lock\" \"${PODS_ROOT}/Manifest.lock\" > /dev/null\nif [ $? != 0 ] ; then\n    # print error to STDERR\n    echo \"error: The sandbox is not in sync with the Podfile.lock. Run 'pod install' or update your CocoaPods installation.\" >&2\n    exit 1\nfi\n# This output is used by Xcode 'outputs' to avoid re-running this script phase.\necho \"SUCCESS\" > \"${SCRIPT_OUTPUT_FILE_0}\"\n";
			showEnvVarsInLog = 0;
		};
		38A768C64B475C4859362A53 /* [CP] Embed Pods Frameworks */ = {
			isa = PBXShellScriptBuildPhase;
			buildActionMask = 2147483647;
			files = (
			);
			inputFileListPaths = (
				"${PODS_ROOT}/Target Support Files/Pods-NewsApp/Pods-NewsApp-frameworks-${CONFIGURATION}-input-files.xcfilelist",
			);
			name = "[CP] Embed Pods Frameworks";
			outputFileListPaths = (
				"${PODS_ROOT}/Target Support Files/Pods-NewsApp/Pods-NewsApp-frameworks-${CONFIGURATION}-output-files.xcfilelist",
			);
			runOnlyForDeploymentPostprocessing = 0;
			shellPath = /bin/sh;
			shellScript = "\"${PODS_ROOT}/Target Support Files/Pods-NewsApp/Pods-NewsApp-frameworks.sh\"\n";
			showEnvVarsInLog = 0;
		};
		533E635691F5F31CADDD4185 /* [CP] Check Pods Manifest.lock */ = {
			isa = PBXShellScriptBuildPhase;
			buildActionMask = 2147483647;
			files = (
			);
			inputFileListPaths = (
			);
			inputPaths = (
				"${PODS_PODFILE_DIR_PATH}/Podfile.lock",
				"${PODS_ROOT}/Manifest.lock",
			);
			name = "[CP] Check Pods Manifest.lock";
			outputFileListPaths = (
			);
			outputPaths = (
				"$(DERIVED_FILE_DIR)/Pods-NewsAppTests-checkManifestLockResult.txt",
			);
			runOnlyForDeploymentPostprocessing = 0;
			shellPath = /bin/sh;
			shellScript = "diff \"${PODS_PODFILE_DIR_PATH}/Podfile.lock\" \"${PODS_ROOT}/Manifest.lock\" > /dev/null\nif [ $? != 0 ] ; then\n    # print error to STDERR\n    echo \"error: The sandbox is not in sync with the Podfile.lock. Run 'pod install' or update your CocoaPods installation.\" >&2\n    exit 1\nfi\n# This output is used by Xcode 'outputs' to avoid re-running this script phase.\necho \"SUCCESS\" > \"${SCRIPT_OUTPUT_FILE_0}\"\n";
			showEnvVarsInLog = 0;
		};
		70D587EF43514158E4450AC1 /* [CP] Embed Pods Frameworks */ = {
			isa = PBXShellScriptBuildPhase;
			buildActionMask = 2147483647;
			files = (
			);
			inputFileListPaths = (
				"${PODS_ROOT}/Target Support Files/Pods-NewsApp-NewsAppUITests/Pods-NewsApp-NewsAppUITests-frameworks-${CONFIGURATION}-input-files.xcfilelist",
			);
			name = "[CP] Embed Pods Frameworks";
			outputFileListPaths = (
				"${PODS_ROOT}/Target Support Files/Pods-NewsApp-NewsAppUITests/Pods-NewsApp-NewsAppUITests-frameworks-${CONFIGURATION}-output-files.xcfilelist",
			);
			runOnlyForDeploymentPostprocessing = 0;
			shellPath = /bin/sh;
			shellScript = "\"${PODS_ROOT}/Target Support Files/Pods-NewsApp-NewsAppUITests/Pods-NewsApp-NewsAppUITests-frameworks.sh\"\n";
			showEnvVarsInLog = 0;
		};
		EEA52B425E673847EADD8AE7 /* [CP] Check Pods Manifest.lock */ = {
			isa = PBXShellScriptBuildPhase;
			buildActionMask = 2147483647;
			files = (
			);
			inputFileListPaths = (
			);
			inputPaths = (
				"${PODS_PODFILE_DIR_PATH}/Podfile.lock",
				"${PODS_ROOT}/Manifest.lock",
			);
			name = "[CP] Check Pods Manifest.lock";
			outputFileListPaths = (
			);
			outputPaths = (
				"$(DERIVED_FILE_DIR)/Pods-NewsApp-checkManifestLockResult.txt",
			);
			runOnlyForDeploymentPostprocessing = 0;
			shellPath = /bin/sh;
			shellScript = "diff \"${PODS_PODFILE_DIR_PATH}/Podfile.lock\" \"${PODS_ROOT}/Manifest.lock\" > /dev/null\nif [ $? != 0 ] ; then\n    # print error to STDERR\n    echo \"error: The sandbox is not in sync with the Podfile.lock. Run 'pod install' or update your CocoaPods installation.\" >&2\n    exit 1\nfi\n# This output is used by Xcode 'outputs' to avoid re-running this script phase.\necho \"SUCCESS\" > \"${SCRIPT_OUTPUT_FILE_0}\"\n";
			showEnvVarsInLog = 0;
		};
/* End PBXShellScriptBuildPhase section */

/* Begin PBXSourcesBuildPhase section */
		6F992FFC284CD54B0036BF15 /* Sources */ = {
			isa = PBXSourcesBuildPhase;
			buildActionMask = 2147483647;
			files = (
				6F99306D284D4B210036BF15 /* FavoritesVC.swift in Sources */,
				6F37EE42284F3309005AD950 /* Colors.swift in Sources */,
				6F37EE40284F31B9005AD950 /* UIViewExtensions.swift in Sources */,
				6F993042284CD9B40036BF15 /* NewsModel.swift in Sources */,
				6F993044284CDAEA0036BF15 /* URLPathEnum.swift in Sources */,
				6F993008284CD54B0036BF15 /* NewsVC.swift in Sources */,
				6F993040284CD8220036BF15 /* SafeUnwrap.swift in Sources */,
				6F993065284D40E40036BF15 /* CoreData.swift in Sources */,
				6F993004284CD54B0036BF15 /* AppDelegate.swift in Sources */,
				6F993046284CDB010036BF15 /* ErrorEnum.swift in Sources */,
				6F99300E284CD54B0036BF15 /* NewsApp.xcdatamodeld in Sources */,
				6F993048284CE1370036BF15 /* NewsViewModel.swift in Sources */,
				6F99306F284D4B6C0036BF15 /* FavoritesViewModel.swift in Sources */,
				6F993006284CD54B0036BF15 /* SceneDelegate.swift in Sources */,
				6F99305E284D364C0036BF15 /* DateExtension.swift in Sources */,
				6F993051284CF9FF0036BF15 /* UITextFieldExtensions.swift in Sources */,
				6F99303E284CD75B0036BF15 /* BaseAPI.swift in Sources */,
				6F993055284CFFDF0036BF15 /* LoadingView.swift in Sources */,
				6F993062284D39360036BF15 /* NewsSourceVC.swift in Sources */,
				6F99305C284D33950036BF15 /* NewsDetailViewModel.swift in Sources */,
				6F99304E284CE67F0036BF15 /* NewsCell.swift in Sources */,
				6F993059284D077E0036BF15 /* NewsDetailVC.swift in Sources */,
			);
			runOnlyForDeploymentPostprocessing = 0;
		};
		6F993015284CD54C0036BF15 /* Sources */ = {
			isa = PBXSourcesBuildPhase;
			buildActionMask = 2147483647;
			files = (
				6F99301E284CD54C0036BF15 /* NewsAppTests.swift in Sources */,
			);
			runOnlyForDeploymentPostprocessing = 0;
		};
		6F99301F284CD54C0036BF15 /* Sources */ = {
			isa = PBXSourcesBuildPhase;
			buildActionMask = 2147483647;
			files = (
				6F993028284CD54C0036BF15 /* NewsAppUITests.swift in Sources */,
				6F99302A284CD54C0036BF15 /* NewsAppUITestsLaunchTests.swift in Sources */,
			);
			runOnlyForDeploymentPostprocessing = 0;
		};
/* End PBXSourcesBuildPhase section */

/* Begin PBXTargetDependency section */
		6F99301B284CD54C0036BF15 /* PBXTargetDependency */ = {
			isa = PBXTargetDependency;
			target = 6F992FFF284CD54B0036BF15 /* NewsApp */;
			targetProxy = 6F99301A284CD54C0036BF15 /* PBXContainerItemProxy */;
		};
		6F993025284CD54C0036BF15 /* PBXTargetDependency */ = {
			isa = PBXTargetDependency;
			target = 6F992FFF284CD54B0036BF15 /* NewsApp */;
			targetProxy = 6F993024284CD54C0036BF15 /* PBXContainerItemProxy */;
		};
/* End PBXTargetDependency section */

/* Begin PBXVariantGroup section */
		6F993009284CD54B0036BF15 /* Main.storyboard */ = {
			isa = PBXVariantGroup;
			children = (
				6F99300A284CD54B0036BF15 /* Base */,
			);
			name = Main.storyboard;
			sourceTree = "<group>";
		};
		6F993011284CD54C0036BF15 /* LaunchScreen.storyboard */ = {
			isa = PBXVariantGroup;
			children = (
				6F993012284CD54C0036BF15 /* Base */,
			);
			name = LaunchScreen.storyboard;
			sourceTree = "<group>";
		};
/* End PBXVariantGroup section */

/* Begin XCBuildConfiguration section */
		6F99302B284CD54C0036BF15 /* Debug */ = {
			isa = XCBuildConfiguration;
			buildSettings = {
				ALWAYS_SEARCH_USER_PATHS = NO;
				CLANG_ANALYZER_NONNULL = YES;
				CLANG_ANALYZER_NUMBER_OBJECT_CONVERSION = YES_AGGRESSIVE;
				CLANG_CXX_LANGUAGE_STANDARD = "gnu++17";
				CLANG_ENABLE_MODULES = YES;
				CLANG_ENABLE_OBJC_ARC = YES;
				CLANG_ENABLE_OBJC_WEAK = YES;
				CLANG_WARN_BLOCK_CAPTURE_AUTORELEASING = YES;
				CLANG_WARN_BOOL_CONVERSION = YES;
				CLANG_WARN_COMMA = YES;
				CLANG_WARN_CONSTANT_CONVERSION = YES;
				CLANG_WARN_DEPRECATED_OBJC_IMPLEMENTATIONS = YES;
				CLANG_WARN_DIRECT_OBJC_ISA_USAGE = YES_ERROR;
				CLANG_WARN_DOCUMENTATION_COMMENTS = YES;
				CLANG_WARN_EMPTY_BODY = YES;
				CLANG_WARN_ENUM_CONVERSION = YES;
				CLANG_WARN_INFINITE_RECURSION = YES;
				CLANG_WARN_INT_CONVERSION = YES;
				CLANG_WARN_NON_LITERAL_NULL_CONVERSION = YES;
				CLANG_WARN_OBJC_IMPLICIT_RETAIN_SELF = YES;
				CLANG_WARN_OBJC_LITERAL_CONVERSION = YES;
				CLANG_WARN_OBJC_ROOT_CLASS = YES_ERROR;
				CLANG_WARN_QUOTED_INCLUDE_IN_FRAMEWORK_HEADER = YES;
				CLANG_WARN_RANGE_LOOP_ANALYSIS = YES;
				CLANG_WARN_STRICT_PROTOTYPES = YES;
				CLANG_WARN_SUSPICIOUS_MOVE = YES;
				CLANG_WARN_UNGUARDED_AVAILABILITY = YES_AGGRESSIVE;
				CLANG_WARN_UNREACHABLE_CODE = YES;
				CLANG_WARN__DUPLICATE_METHOD_MATCH = YES;
				COPY_PHASE_STRIP = NO;
				DEBUG_INFORMATION_FORMAT = dwarf;
				ENABLE_STRICT_OBJC_MSGSEND = YES;
				ENABLE_TESTABILITY = YES;
				GCC_C_LANGUAGE_STANDARD = gnu11;
				GCC_DYNAMIC_NO_PIC = NO;
				GCC_NO_COMMON_BLOCKS = YES;
				GCC_OPTIMIZATION_LEVEL = 0;
				GCC_PREPROCESSOR_DEFINITIONS = (
					"DEBUG=1",
					"$(inherited)",
				);
				GCC_WARN_64_TO_32_BIT_CONVERSION = YES;
				GCC_WARN_ABOUT_RETURN_TYPE = YES_ERROR;
				GCC_WARN_UNDECLARED_SELECTOR = YES;
				GCC_WARN_UNINITIALIZED_AUTOS = YES_AGGRESSIVE;
				GCC_WARN_UNUSED_FUNCTION = YES;
				GCC_WARN_UNUSED_VARIABLE = YES;
				IPHONEOS_DEPLOYMENT_TARGET = 15.4;
				MTL_ENABLE_DEBUG_INFO = INCLUDE_SOURCE;
				MTL_FAST_MATH = YES;
				ONLY_ACTIVE_ARCH = YES;
				SDKROOT = iphoneos;
				SWIFT_ACTIVE_COMPILATION_CONDITIONS = DEBUG;
				SWIFT_OPTIMIZATION_LEVEL = "-Onone";
			};
			name = Debug;
		};
		6F99302C284CD54C0036BF15 /* Release */ = {
			isa = XCBuildConfiguration;
			buildSettings = {
				ALWAYS_SEARCH_USER_PATHS = NO;
				CLANG_ANALYZER_NONNULL = YES;
				CLANG_ANALYZER_NUMBER_OBJECT_CONVERSION = YES_AGGRESSIVE;
				CLANG_CXX_LANGUAGE_STANDARD = "gnu++17";
				CLANG_ENABLE_MODULES = YES;
				CLANG_ENABLE_OBJC_ARC = YES;
				CLANG_ENABLE_OBJC_WEAK = YES;
				CLANG_WARN_BLOCK_CAPTURE_AUTORELEASING = YES;
				CLANG_WARN_BOOL_CONVERSION = YES;
				CLANG_WARN_COMMA = YES;
				CLANG_WARN_CONSTANT_CONVERSION = YES;
				CLANG_WARN_DEPRECATED_OBJC_IMPLEMENTATIONS = YES;
				CLANG_WARN_DIRECT_OBJC_ISA_USAGE = YES_ERROR;
				CLANG_WARN_DOCUMENTATION_COMMENTS = YES;
				CLANG_WARN_EMPTY_BODY = YES;
				CLANG_WARN_ENUM_CONVERSION = YES;
				CLANG_WARN_INFINITE_RECURSION = YES;
				CLANG_WARN_INT_CONVERSION = YES;
				CLANG_WARN_NON_LITERAL_NULL_CONVERSION = YES;
				CLANG_WARN_OBJC_IMPLICIT_RETAIN_SELF = YES;
				CLANG_WARN_OBJC_LITERAL_CONVERSION = YES;
				CLANG_WARN_OBJC_ROOT_CLASS = YES_ERROR;
				CLANG_WARN_QUOTED_INCLUDE_IN_FRAMEWORK_HEADER = YES;
				CLANG_WARN_RANGE_LOOP_ANALYSIS = YES;
				CLANG_WARN_STRICT_PROTOTYPES = YES;
				CLANG_WARN_SUSPICIOUS_MOVE = YES;
				CLANG_WARN_UNGUARDED_AVAILABILITY = YES_AGGRESSIVE;
				CLANG_WARN_UNREACHABLE_CODE = YES;
				CLANG_WARN__DUPLICATE_METHOD_MATCH = YES;
				COPY_PHASE_STRIP = NO;
				DEBUG_INFORMATION_FORMAT = "dwarf-with-dsym";
				ENABLE_NS_ASSERTIONS = NO;
				ENABLE_STRICT_OBJC_MSGSEND = YES;
				GCC_C_LANGUAGE_STANDARD = gnu11;
				GCC_NO_COMMON_BLOCKS = YES;
				GCC_WARN_64_TO_32_BIT_CONVERSION = YES;
				GCC_WARN_ABOUT_RETURN_TYPE = YES_ERROR;
				GCC_WARN_UNDECLARED_SELECTOR = YES;
				GCC_WARN_UNINITIALIZED_AUTOS = YES_AGGRESSIVE;
				GCC_WARN_UNUSED_FUNCTION = YES;
				GCC_WARN_UNUSED_VARIABLE = YES;
				IPHONEOS_DEPLOYMENT_TARGET = 15.4;
				MTL_ENABLE_DEBUG_INFO = NO;
				MTL_FAST_MATH = YES;
				SDKROOT = iphoneos;
				SWIFT_COMPILATION_MODE = wholemodule;
				SWIFT_OPTIMIZATION_LEVEL = "-O";
				VALIDATE_PRODUCT = YES;
			};
			name = Release;
		};
		6F99302E284CD54C0036BF15 /* Debug */ = {
			isa = XCBuildConfiguration;
			baseConfigurationReference = 059B0F137AE06207545F2F11 /* Pods-NewsApp.debug.xcconfig */;
			buildSettings = {
				ASSETCATALOG_COMPILER_APPICON_NAME = AppIcon;
				ASSETCATALOG_COMPILER_GLOBAL_ACCENT_COLOR_NAME = AccentColor;
				CODE_SIGN_STYLE = Automatic;
				CURRENT_PROJECT_VERSION = 1;
				DEVELOPMENT_TEAM = TACHAPA9T9;
				GENERATE_INFOPLIST_FILE = YES;
				INFOPLIST_FILE = NewsApp/Info.plist;
				INFOPLIST_KEY_UIApplicationSupportsIndirectInputEvents = YES;
				INFOPLIST_KEY_UILaunchStoryboardName = LaunchScreen;
				INFOPLIST_KEY_UIMainStoryboardFile = Main;
				INFOPLIST_KEY_UISupportedInterfaceOrientations = UIInterfaceOrientationPortrait;
				INFOPLIST_KEY_UISupportedInterfaceOrientations_iPad = "UIInterfaceOrientationPortrait UIInterfaceOrientationPortraitUpsideDown UIInterfaceOrientationLandscapeLeft UIInterfaceOrientationLandscapeRight";
				INFOPLIST_KEY_UISupportedInterfaceOrientations_iPhone = UIInterfaceOrientationPortrait;
				LD_RUNPATH_SEARCH_PATHS = (
					"$(inherited)",
					"@executable_path/Frameworks",
				);
				MARKETING_VERSION = 1.0;
				PRODUCT_BUNDLE_IDENTIFIER = UgurCanGedik.NewsApp;
				PRODUCT_NAME = "$(TARGET_NAME)";
				SWIFT_EMIT_LOC_STRINGS = YES;
				SWIFT_VERSION = 5.0;
				TARGETED_DEVICE_FAMILY = 1;
			};
			name = Debug;
		};
		6F99302F284CD54C0036BF15 /* Release */ = {
			isa = XCBuildConfiguration;
			baseConfigurationReference = 39E66894275F4052E87CC2CF /* Pods-NewsApp.release.xcconfig */;
			buildSettings = {
				ASSETCATALOG_COMPILER_APPICON_NAME = AppIcon;
				ASSETCATALOG_COMPILER_GLOBAL_ACCENT_COLOR_NAME = AccentColor;
				CODE_SIGN_STYLE = Automatic;
				CURRENT_PROJECT_VERSION = 1;
				DEVELOPMENT_TEAM = TACHAPA9T9;
				GENERATE_INFOPLIST_FILE = YES;
				INFOPLIST_FILE = NewsApp/Info.plist;
				INFOPLIST_KEY_UIApplicationSupportsIndirectInputEvents = YES;
				INFOPLIST_KEY_UILaunchStoryboardName = LaunchScreen;
				INFOPLIST_KEY_UIMainStoryboardFile = Main;
				INFOPLIST_KEY_UISupportedInterfaceOrientations = UIInterfaceOrientationPortrait;
				INFOPLIST_KEY_UISupportedInterfaceOrientations_iPad = "UIInterfaceOrientationPortrait UIInterfaceOrientationPortraitUpsideDown UIInterfaceOrientationLandscapeLeft UIInterfaceOrientationLandscapeRight";
				INFOPLIST_KEY_UISupportedInterfaceOrientations_iPhone = UIInterfaceOrientationPortrait;
				LD_RUNPATH_SEARCH_PATHS = (
					"$(inherited)",
					"@executable_path/Frameworks",
				);
				MARKETING_VERSION = 1.0;
				PRODUCT_BUNDLE_IDENTIFIER = UgurCanGedik.NewsApp;
				PRODUCT_NAME = "$(TARGET_NAME)";
				SWIFT_EMIT_LOC_STRINGS = YES;
				SWIFT_VERSION = 5.0;
				TARGETED_DEVICE_FAMILY = 1;
			};
			name = Release;
		};
		6F993031284CD54C0036BF15 /* Debug */ = {
			isa = XCBuildConfiguration;
			baseConfigurationReference = 62F7FC895EBF9A69813D3B20 /* Pods-NewsAppTests.debug.xcconfig */;
			buildSettings = {
				ALWAYS_EMBED_SWIFT_STANDARD_LIBRARIES = YES;
				BUNDLE_LOADER = "$(TEST_HOST)";
				CODE_SIGN_STYLE = Automatic;
				CURRENT_PROJECT_VERSION = 1;
				DEVELOPMENT_TEAM = TACHAPA9T9;
				GENERATE_INFOPLIST_FILE = YES;
				IPHONEOS_DEPLOYMENT_TARGET = 15.4;
				MARKETING_VERSION = 1.0;
				PRODUCT_BUNDLE_IDENTIFIER = UgurCanGedik.NewsAppTests;
				PRODUCT_NAME = "$(TARGET_NAME)";
				SWIFT_EMIT_LOC_STRINGS = NO;
				SWIFT_VERSION = 5.0;
				TARGETED_DEVICE_FAMILY = "1,2";
				TEST_HOST = "$(BUILT_PRODUCTS_DIR)/NewsApp.app/NewsApp";
			};
			name = Debug;
		};
		6F993032284CD54C0036BF15 /* Release */ = {
			isa = XCBuildConfiguration;
			baseConfigurationReference = CDDFFBEBD8F72B0661D01442 /* Pods-NewsAppTests.release.xcconfig */;
			buildSettings = {
				ALWAYS_EMBED_SWIFT_STANDARD_LIBRARIES = YES;
				BUNDLE_LOADER = "$(TEST_HOST)";
				CODE_SIGN_STYLE = Automatic;
				CURRENT_PROJECT_VERSION = 1;
				DEVELOPMENT_TEAM = TACHAPA9T9;
				GENERATE_INFOPLIST_FILE = YES;
				IPHONEOS_DEPLOYMENT_TARGET = 15.4;
				MARKETING_VERSION = 1.0;
				PRODUCT_BUNDLE_IDENTIFIER = UgurCanGedik.NewsAppTests;
				PRODUCT_NAME = "$(TARGET_NAME)";
				SWIFT_EMIT_LOC_STRINGS = NO;
				SWIFT_VERSION = 5.0;
				TARGETED_DEVICE_FAMILY = "1,2";
				TEST_HOST = "$(BUILT_PRODUCTS_DIR)/NewsApp.app/NewsApp";
			};
			name = Release;
		};
		6F993034284CD54C0036BF15 /* Debug */ = {
			isa = XCBuildConfiguration;
			baseConfigurationReference = 93A678AFAB1E14BABC1AD185 /* Pods-NewsApp-NewsAppUITests.debug.xcconfig */;
			buildSettings = {
				ALWAYS_EMBED_SWIFT_STANDARD_LIBRARIES = YES;
				CODE_SIGN_STYLE = Automatic;
				CURRENT_PROJECT_VERSION = 1;
				DEVELOPMENT_TEAM = TACHAPA9T9;
				GENERATE_INFOPLIST_FILE = YES;
				MARKETING_VERSION = 1.0;
				PRODUCT_BUNDLE_IDENTIFIER = UgurCanGedik.NewsAppUITests;
				PRODUCT_NAME = "$(TARGET_NAME)";
				SWIFT_EMIT_LOC_STRINGS = NO;
				SWIFT_VERSION = 5.0;
				TARGETED_DEVICE_FAMILY = "1,2";
				TEST_TARGET_NAME = NewsApp;
			};
			name = Debug;
		};
		6F993035284CD54C0036BF15 /* Release */ = {
			isa = XCBuildConfiguration;
			baseConfigurationReference = A5BF28E1F83070708DCAF5BD /* Pods-NewsApp-NewsAppUITests.release.xcconfig */;
			buildSettings = {
				ALWAYS_EMBED_SWIFT_STANDARD_LIBRARIES = YES;
				CODE_SIGN_STYLE = Automatic;
				CURRENT_PROJECT_VERSION = 1;
				DEVELOPMENT_TEAM = TACHAPA9T9;
				GENERATE_INFOPLIST_FILE = YES;
				MARKETING_VERSION = 1.0;
				PRODUCT_BUNDLE_IDENTIFIER = UgurCanGedik.NewsAppUITests;
				PRODUCT_NAME = "$(TARGET_NAME)";
				SWIFT_EMIT_LOC_STRINGS = NO;
				SWIFT_VERSION = 5.0;
				TARGETED_DEVICE_FAMILY = "1,2";
				TEST_TARGET_NAME = NewsApp;
			};
			name = Release;
		};
/* End XCBuildConfiguration section */

/* Begin XCConfigurationList section */
		6F992FFB284CD54B0036BF15 /* Build configuration list for PBXProject "NewsApp" */ = {
			isa = XCConfigurationList;
			buildConfigurations = (
				6F99302B284CD54C0036BF15 /* Debug */,
				6F99302C284CD54C0036BF15 /* Release */,
			);
			defaultConfigurationIsVisible = 0;
			defaultConfigurationName = Release;
		};
		6F99302D284CD54C0036BF15 /* Build configuration list for PBXNativeTarget "NewsApp" */ = {
			isa = XCConfigurationList;
			buildConfigurations = (
				6F99302E284CD54C0036BF15 /* Debug */,
				6F99302F284CD54C0036BF15 /* Release */,
			);
			defaultConfigurationIsVisible = 0;
			defaultConfigurationName = Release;
		};
		6F993030284CD54C0036BF15 /* Build configuration list for PBXNativeTarget "NewsAppTests" */ = {
			isa = XCConfigurationList;
			buildConfigurations = (
				6F993031284CD54C0036BF15 /* Debug */,
				6F993032284CD54C0036BF15 /* Release */,
			);
			defaultConfigurationIsVisible = 0;
			defaultConfigurationName = Release;
		};
		6F993033284CD54C0036BF15 /* Build configuration list for PBXNativeTarget "NewsAppUITests" */ = {
			isa = XCConfigurationList;
			buildConfigurations = (
				6F993034284CD54C0036BF15 /* Debug */,
				6F993035284CD54C0036BF15 /* Release */,
			);
			defaultConfigurationIsVisible = 0;
			defaultConfigurationName = Release;
		};
/* End XCConfigurationList section */

/* Begin XCVersionGroup section */
		6F99300C284CD54B0036BF15 /* NewsApp.xcdatamodeld */ = {
			isa = XCVersionGroup;
			children = (
				6F99300D284CD54B0036BF15 /* NewsApp.xcdatamodel */,
			);
			currentVersion = 6F99300D284CD54B0036BF15 /* NewsApp.xcdatamodel */;
			path = NewsApp.xcdatamodeld;
			sourceTree = "<group>";
			versionGroupType = wrapper.xcdatamodel;
		};
/* End XCVersionGroup section */
	};
	rootObject = 6F992FF8284CD54B0036BF15 /* Project object */;
}
